
Microsoft Visual Studio Solution File, Format Version 12.00
# Visual Studio Version 17
VisualStudioVersion = 17.13.35919.96 d17.13
MinimumVisualStudioVersion = 10.0.40219.1
Project("{FAE04EC0-301F-11D3-BF4B-00C04F79EFBC}") = "ex_10", "ex_10\ex_10.csproj", "{6BE134D7-3996-47B3-ABFC-40DFB95FE6EF}"
EndProject
Global
	GlobalSection(SolutionConfigurationPlatforms) = preSolution
		Debug|Any CPU = Debug|Any CPU
		Release|Any CPU = Release|Any CPU
	EndGlobalSection
	GlobalSection(ProjectConfigurationPlatforms) = postSolution
		{6BE134D7-3996-47B3-ABFC-40DFB95FE6EF}.Debug|Any CPU.ActiveCfg = Debug|Any CPU
		{6BE134D7-3996-47B3-ABFC-40DFB95FE6EF}.Debug|Any CPU.Build.0 = Debug|Any CPU
		{6BE134D7-3996-47B3-ABFC-40DFB95FE6EF}.Release|Any CPU.ActiveCfg = Release|Any CPU
		{6BE134D7-3996-47B3-ABFC-40DFB95FE6EF}.Release|Any CPU.Build.0 = Release|Any CPU
	EndGlobalSection
	GlobalSection(SolutionProperties) = preSolution
		HideSolutionNode = FALSE
	EndGlobalSection
	GlobalSection(ExtensibilityGlobals) = postSolution
		SolutionGuid = {2C9815E7-93F9-4FB3-B00A-C6578886D8BE}
	EndGlobalSection
EndGlobal
