
Microsoft Visual Studio Solution File, Format Version 12.00
# Visual Studio Version 17
VisualStudioVersion = 17.13.35919.96 d17.13
MinimumVisualStudioVersion = 10.0.40219.1
Project("{FAE04EC0-301F-11D3-BF4B-00C04F79EFBC}") = "ex_11", "ex_11\ex_11.csproj", "{39935627-4ADC-4FB8-B496-FB041678797C}"
EndProject
Global
	GlobalSection(SolutionConfigurationPlatforms) = preSolution
		Debug|Any CPU = Debug|Any CPU
		Release|Any CPU = Release|Any CPU
	EndGlobalSection
	GlobalSection(ProjectConfigurationPlatforms) = postSolution
		{39935627-4ADC-4FB8-B496-FB041678797C}.Debug|Any CPU.ActiveCfg = Debug|Any CPU
		{39935627-4ADC-4FB8-B496-FB041678797C}.Debug|Any CPU.Build.0 = Debug|Any CPU
		{39935627-4ADC-4FB8-B496-FB041678797C}.Release|Any CPU.ActiveCfg = Release|Any CPU
		{39935627-4ADC-4FB8-B496-FB041678797C}.Release|Any CPU.Build.0 = Release|Any CPU
	EndGlobalSection
	GlobalSection(SolutionProperties) = preSolution
		HideSolutionNode = FALSE
	EndGlobalSection
	GlobalSection(ExtensibilityGlobals) = postSolution
		SolutionGuid = {B9AF8097-F1B8-433A-8103-A628864347DF}
	EndGlobalSection
EndGlobal
