
Microsoft Visual Studio Solution File, Format Version 12.00
# Visual Studio Version 17
VisualStudioVersion = 17.13.35919.96 d17.13
MinimumVisualStudioVersion = 10.0.40219.1
Project("{FAE04EC0-301F-11D3-BF4B-00C04F79EFBC}") = "ex_3", "ex_3\ex_3.csproj", "{383AF7B1-6C8C-4C76-BE93-41DA876F427B}"
EndProject
Global
	GlobalSection(SolutionConfigurationPlatforms) = preSolution
		Debug|Any CPU = Debug|Any CPU
		Release|Any CPU = Release|Any CPU
	EndGlobalSection
	GlobalSection(ProjectConfigurationPlatforms) = postSolution
		{383AF7B1-6C8C-4C76-BE93-41DA876F427B}.Debug|Any CPU.ActiveCfg = Debug|Any CPU
		{383AF7B1-6C8C-4C76-BE93-41DA876F427B}.Debug|Any CPU.Build.0 = Debug|Any CPU
		{383AF7B1-6C8C-4C76-BE93-41DA876F427B}.Release|Any CPU.ActiveCfg = Release|Any CPU
		{383AF7B1-6C8C-4C76-BE93-41DA876F427B}.Release|Any CPU.Build.0 = Release|Any CPU
	EndGlobalSection
	GlobalSection(SolutionProperties) = preSolution
		HideSolutionNode = FALSE
	EndGlobalSection
	GlobalSection(ExtensibilityGlobals) = postSolution
		SolutionGuid = {68193D56-C369-4DE0-B586-8904C4A1C1F6}
	EndGlobalSection
EndGlobal
