
Microsoft Visual Studio Solution File, Format Version 12.00
# Visual Studio Version 17
VisualStudioVersion = 17.13.35919.96 d17.13
MinimumVisualStudioVersion = 10.0.40219.1
Project("{FAE04EC0-301F-11D3-BF4B-00C04F79EFBC}") = "ex_4", "ex_4\ex_4.csproj", "{24746B4F-CAE1-43FC-A672-162EA276EA7B}"
EndProject
Global
	GlobalSection(SolutionConfigurationPlatforms) = preSolution
		Debug|Any CPU = Debug|Any CPU
		Release|Any CPU = Release|Any CPU
	EndGlobalSection
	GlobalSection(ProjectConfigurationPlatforms) = postSolution
		{24746B4F-CAE1-43FC-A672-162EA276EA7B}.Debug|Any CPU.ActiveCfg = Debug|Any CPU
		{24746B4F-CAE1-43FC-A672-162EA276EA7B}.Debug|Any CPU.Build.0 = Debug|Any CPU
		{24746B4F-CAE1-43FC-A672-162EA276EA7B}.Release|Any CPU.ActiveCfg = Release|Any CPU
		{24746B4F-CAE1-43FC-A672-162EA276EA7B}.Release|Any CPU.Build.0 = Release|Any CPU
	EndGlobalSection
	GlobalSection(SolutionProperties) = preSolution
		HideSolutionNode = FALSE
	EndGlobalSection
	GlobalSection(ExtensibilityGlobals) = postSolution
		SolutionGuid = {E5077B2E-DDD7-43C0-B30A-65F0BA2AA8E7}
	EndGlobalSection
EndGlobal
