
Microsoft Visual Studio Solution File, Format Version 12.00
# Visual Studio Version 17
VisualStudioVersion = 17.3.32825.248
MinimumVisualStudioVersion = 10.0.40219.1
Project("{FAE04EC0-301F-11D3-BF4B-00C04F79EFBC}") = "proj1", "proj1\proj1.csproj", "{551482E2-47A7-4C01-8A68-B1E83CFE088A}"
EndProject
Global
	GlobalSection(SolutionConfigurationPlatforms) = preSolution
		Debug|Any CPU = Debug|Any CPU
		Release|Any CPU = Release|Any CPU
	EndGlobalSection
	GlobalSection(ProjectConfigurationPlatforms) = postSolution
		{551482E2-47A7-4C01-8A68-B1E83CFE088A}.Debug|Any CPU.ActiveCfg = Debug|Any CPU
		{551482E2-47A7-4C01-8A68-B1E83CFE088A}.Debug|Any CPU.Build.0 = Debug|Any CPU
		{551482E2-47A7-4C01-8A68-B1E83CFE088A}.Release|Any CPU.ActiveCfg = Release|Any CPU
		{551482E2-47A7-4C01-8A68-B1E83CFE088A}.Release|Any CPU.Build.0 = Release|Any CPU
	EndGlobalSection
	GlobalSection(SolutionProperties) = preSolution
		HideSolutionNode = FALSE
	EndGlobalSection
	GlobalSection(ExtensibilityGlobals) = postSolution
		SolutionGuid = {7BB7380D-38AF-4043-BB4D-8E4D0AB8DF6D}
	EndGlobalSection
EndGlobal
